
Microsoft Visual Studio Solution File, Format Version 12.00
# Visual Studio Version 17
VisualStudioVersion = 17.14.36414.22 d17.14
MinimumVisualStudioVersion = 10.0.40219.1
Project("{FAE04EC0-301F-11D3-BF4B-00C04F79EFBC}") = "ElPuebloDuermeDemo", "ElPuebloDuermeDemo\ElPuebloDuermeDemo.csproj", "{579F5C23-650F-401E-8C83-B7FCAF3A7274}"
EndProject
Global
	GlobalSection(SolutionConfigurationPlatforms) = preSolution
		Debug|Any CPU = Debug|Any CPU
		Release|Any CPU = Release|Any CPU
	EndGlobalSection
	GlobalSection(ProjectConfigurationPlatforms) = postSolution
		{579F5C23-650F-401E-8C83-B7FCAF3A7274}.Debug|Any CPU.ActiveCfg = Debug|Any CPU
		{579F5C23-650F-401E-8C83-B7FCAF3A7274}.Debug|Any CPU.Build.0 = Debug|Any CPU
		{579F5C23-650F-401E-8C83-B7FCAF3A7274}.Release|Any CPU.ActiveCfg = Release|Any CPU
		{579F5C23-650F-401E-8C83-B7FCAF3A7274}.Release|Any CPU.Build.0 = Release|Any CPU
	EndGlobalSection
	GlobalSection(SolutionProperties) = preSolution
		HideSolutionNode = FALSE
	EndGlobalSection
	GlobalSection(ExtensibilityGlobals) = postSolution
		SolutionGuid = {1ACA2A51-C5BD-4F01-BFC0-7B9E70EF4B4E}
	EndGlobalSection
EndGlobal
